{
    "_meta": {
        "hash": {
            "sha256": "c35cc297dde8ac5c124f48db062d5d8a570594ee7074d592d72a5607e3b759ca"
        },
        "pipfile-spec": 6,
        "requires": {
            "python_version": "3.8"
        },
        "sources": [
            {
                "name": "pypi",
                "url": "https://pypi.org/simple",
                "verify_ssl": true
            }
        ]
    },
    "default": {
        "about-time": {
            "hashes": [
                "sha256:6a538862d33ce67d997429d14998310e1dbfda6cb7d9bbfbf799c4709847fece",
                "sha256:8bbf4c75fe13cbd3d72f49a03b02c5c7dca32169b6d49117c257e7eb3eaee341"
            ],
            "markers": "python_version >= '3.7' and python_version < '4'",
            "version": "==4.2.1"
        },
        "alive-progress": {
            "hashes": [
                "sha256:347220c1858e3abe137fa0746895668c04df09c5261a13dc03f05795e8a29be5",
                "sha256:42e399a66c8150dc507602dff7b7953f105ef11faf97ddaa6d27b1cbf45c4c98"
            ],
            "index": "pypi",
            "version": "==3.1.5"
        },
        "beautifulsoup4": {
            "hashes": [
                "sha256:74e3d1928edc070d21748185c46e3fb33490f22f52a3addee9aee0f4f7781051",
                "sha256:b80878c9f40111313e55da8ba20bdba06d8fa3969fc68304167741bbf9e082ed"
            ],
            "index": "pypi",
            "version": "==4.12.3"
        },
        "blessed": {
            "hashes": [
                "sha256:0c542922586a265e699188e52d5f5ac5ec0dd517e5a1041d90d2bbf23f906058",
                "sha256:2cdd67f8746e048f00df47a2880f4d6acbcdb399031b604e34ba8f71d5787680"
            ],
            "markers": "python_version >= '2.7'",
            "version": "==1.20.0"
        },
        "editor": {
            "hashes": [
                "sha256:bb6989e872638cd119db9a4fce284cd8e13c553886a1c044c6b8d8a160c871f8",
                "sha256:e818e6913f26c2a81eadef503a2741d7cca7f235d20e217274a009ecd5a74abf"
            ],
            "markers": "python_version >= '3.8'",
            "version": "==1.6.6"
        },
        "grapheme": {
            "hashes": [
                "sha256:44c2b9f21bbe77cfb05835fec230bd435954275267fea1858013b102f8603cca"
            ],
            "version": "==0.6.0"
        },
        "inquirer": {
            "hashes": [
                "sha256:2722cec4460b289aab21fc35a3b03c932780ff4e8004163955a8215e20cfd35e",
                "sha256:c4be527e8c4e7a1b2c909aa064ef6f1a4466be42224290f21f07f6d5947171f4"
            ],
            "index": "pypi",
            "version": "==3.3.0"
        },
        "readchar": {
            "hashes": [
                "sha256:6f44d1b5f0fd93bd93236eac7da39609f15df647ab9cea39f5bc7478b3344b99",
                "sha256:d163680656b34f263fb5074023db44b999c68ff31ab394445ebfd1a2a41fe9a2"
            ],
            "markers": "python_version >= '3.8'",
            "version": "==4.1.0"
        },
        "runs": {
            "hashes": [
                "sha256:0980dcbc25aba1505f307ac4f0e9e92cbd0be2a15a1e983ee86c24c87b839dfd",
                "sha256:9dc1815e2895cfb3a48317b173b9f1eac9ba5549b36a847b5cc60c3bf82ecef1"
            ],
            "markers": "python_version >= '3.8'",
            "version": "==1.2.2"
        },
        "six": {
            "hashes": [
                "sha256:1e61c37477a1626458e36f7b1d82aa5c9b094fa4802892072e49de9c60c4c926",
                "sha256:8abb2f1d86890a2dfb989f9a77cfcfd3e47c2a354b01111771326f8aa26e0254"
            ],
            "markers": "python_version >= '2.7' and python_version not in '3.0, 3.1, 3.2, 3.3'",
            "version": "==1.16.0"
        },
        "soupsieve": {
            "hashes": [
                "sha256:5663d5a7b3bfaeee0bc4372e7fc48f9cff4940b3eec54a6451cc5299f1097690",
                "sha256:eaa337ff55a1579b6549dc679565eac1e3d000563bcb1c8ab0d0fefbc0c2cdc7"
            ],
            "markers": "python_version >= '3.8'",
            "version": "==2.5"
        },
        "wcwidth": {
            "hashes": [
                "sha256:3da69048e4540d84af32131829ff948f1e022c1c6bdb8d6102117aac784f6859",
                "sha256:72ea0c06399eb286d978fdedb6923a9eb47e1c486ce63e9b4e64fc18303972b5"
            ],
            "version": "==0.2.13"
        },
        "xmod": {
            "hashes": [
                "sha256:38c76486b9d672c546d57d8035df0beb7f4a9b088bc3fb2de5431ae821444377",
                "sha256:a24e9458a4853489042522bdca9e50ee2eac5ab75c809a91150a8a7f40670d48"
            ],
            "markers": "python_version >= '3.8'",
            "version": "==1.8.1"
        }
    },
    "develop": {}
}
